{
  "name": "personal_finance",
  "version": "0.1.0",
  "lockfileVersion": 3,
  "requires": true,
  "packages": {
    "": {
      "name": "personal_finance",
      "version": "0.1.0",
      "dependencies": {
        "@rails/actioncable": "^7.0.4",
        "@rails/activestorage": "^7.0.4",
        "@rails/ujs": "^7.0.4",
        "chart.js": "^3.9.1",
        "chartkick": "^4.2.0",
        "turbolinks": "^5.2.0"
      },
      "devDependencies": {}
    },
    "node_modules/@rails/actioncable": {
      "version": "7.0.4",
      "resolved": "https://registry.npmjs.org/@rails/actioncable/-/actioncable-7.0.4.tgz",
      "integrity": "sha512-tz4oM+Zn9CYsvtyicsa/AwzKZKL+ITHWkhiu7x+xF77clh2b4Rm+s6xnOgY/sGDWoFWZmtKsE95hxBPkgQQNnQ==",
      "license": "MIT"
    },
    "node_modules/@rails/activestorage": {
      "version": "7.0.4",
      "resolved": "https://registry.npmjs.org/@rails/activestorage/-/activestorage-7.0.4.tgz",
      "integrity": "sha512-K2fV9C0z88fapu58nt9uHzMylsmJWUFuaIFvuZQEf1WTiPMsgTsj1bf8+cD81zXfTXYMZDQNRq4164JmuBKD3A==",
      "license": "MIT",
      "dependencies": {
        "spark-md5": "^3.0.1"
      }
    },
    "node_modules/@rails/ujs": {
      "version": "7.0.4",
      "resolved": "https://registry.npmjs.org/@rails/ujs/-/ujs-7.0.4.tgz",
      "integrity": "sha512-UY9yQxBvtqXzXScslgPwZoQd16T0+z3P6BQS4lZDJFg5xVuMIgHkHQI6dhyWEt5l/qwbGaYX+YiZu6J+oxWPOw==",
      "license": "MIT"
    },
    "node_modules/chart.js": {
      "version": "3.9.1",
      "resolved": "https://registry.npmjs.org/chart.js/-/chart.js-3.9.1.tgz",
      "integrity": "sha512-Ro2JbLmvg83gXF5F4sniaQ+lTbSv18E+TIf2cOeiH1Iqd2PGFOtem+DUufMZsCJwFE7ywPOpfXFBwRTGq7dh6w==",
      "license": "MIT"
    },
    "node_modules/chartjs-adapter-date-fns": {
      "version": "2.0.0",
      "resolved": "https://registry.npmjs.org/chartjs-adapter-date-fns/-/chartjs-adapter-date-fns-2.0.0.tgz",
      "integrity": "sha512-rmZINGLe+9IiiEB0kb57vH3UugAtYw33anRiw5kS2Tu87agpetDDoouquycWc9pRsKtQo5j+vLsYHyr8etAvFw==",
      "license": "MIT",
      "optional": true,
      "peerDependencies": {
        "chart.js": "^3.0.0"
      }
    },
    "node_modules/chartkick": {
      "version": "4.2.0",
      "resolved": "https://registry.npmjs.org/chartkick/-/chartkick-4.2.0.tgz",
      "integrity": "sha512-7yYZyxeFhOh/LA7gc1VwDFgc6t4ZM9RrbBjgb4dJoFukk2+94QkK0yulYI2OUH1cjcfrf1qmj04FkjZx7kZDeg==",
      "license": "MIT",
      "optionalDependencies": {
        "chart.js": ">=3.0.2",
        "chartjs-adapter-date-fns": ">=2.0.0",
        "date-fns": ">=2.0.0"
      }
    },
    "node_modules/date-fns": {
      "version": "2.29.3",
      "resolved": "https://registry.npmjs.org/date-fns/-/date-fns-2.29.3.tgz",
      "integrity": "sha512-dDCnyH2WnnKusqvZZ6+jA1O51Ibt8ZMRNkDZdyAyK4YfbDwa/cEmuztzG5pk6hqlp9aSBPYcjOlktquahGwGeA==",
      "license": "MIT",
      "optional": true,
      "engines": {
        "node": ">=0.11"
      },
      "funding": {
        "type": "opencollective",
        "url": "https://opencollective.com/date-fns"
      }
    },
    "node_modules/spark-md5": {
      "version": "3.0.2",
      "resolved": "https://registry.npmjs.org/spark-md5/-/spark-md5-3.0.2.tgz",
      "integrity": "sha512-wcFzz9cDfbuqe0FZzfi2or1sgyIrsDwmPwfZC4hiNidPdPINjeUwNfv5kldczoEAcjl9Y1L3SM7Uz2PUEQzxQw==",
      "license": "(WTFPL OR MIT)"
    },
    "node_modules/turbolinks": {
      "version": "5.2.0",
      "resolved": "https://registry.npmjs.org/turbolinks/-/turbolinks-5.2.0.tgz",
      "integrity": "sha512-pMiez3tyBo6uRHFNNZoYMmrES/IaGgMhQQM+VFF36keryjb5ms0XkVpmKHkfW/4Vy96qiGW3K9bz0tF5sK9bBw==",
      "license": "MIT"
    }
  }
}
